// !$*UTF8*$!
{
	archiveVersion = 1;
	classes = {
	};
	objectVersion = 48;
	objects = {

/* Begin PBXBuildFile section */
		1059B58C43A6AE2BB0916545 /* Pods_BuzzyMailTests.framework in Frameworks */ = {isa = PBXBuildFile; fileRef = 3DA0DA9CCB414CBC2B0883A8 /* Pods_BuzzyMailTests.framework */; };
		2B30B51E200E52060085029B /* GoogleService-Info.plist in Resources */ = {isa = PBXBuildFile; fileRef = 2B30B51D200E52060085029B /* GoogleService-Info.plist */; };
		2B5B7D822010B11A00663C92 /* Assets.xcassets in Resources */ = {isa = PBXBuildFile; fileRef = 2B5B7D812010B11A00663C92 /* Assets.xcassets */; };
		2B5B7D842010CBA300663C92 /* loginvideo1.mp4 in Resources */ = {isa = PBXBuildFile; fileRef = 2B5B7D832010CBA200663C92 /* loginvideo1.mp4 */; };
		2B5B7D862010CC8C00663C92 /* loginvideo2.mp4 in Resources */ = {isa = PBXBuildFile; fileRef = 2B5B7D852010CC8C00663C92 /* loginvideo2.mp4 */; };
		2B5B7D882010CDBD00663C92 /* loginvideo4.mp4 in Resources */ = {isa = PBXBuildFile; fileRef = 2B5B7D872010CDBD00663C92 /* loginvideo4.mp4 */; };
		2B5B7D8A2010CE2200663C92 /* loginvideo3.mp4 in Resources */ = {isa = PBXBuildFile; fileRef = 2B5B7D892010CE2200663C92 /* loginvideo3.mp4 */; };
		2B5B7D8C2010D14000663C92 /* loginvideo5.mp4 in Resources */ = {isa = PBXBuildFile; fileRef = 2B5B7D8B2010D14000663C92 /* loginvideo5.mp4 */; };
		2B5B7D8E2010D17100663C92 /* loginvideo6.mp4 in Resources */ = {isa = PBXBuildFile; fileRef = 2B5B7D8D2010D17100663C92 /* loginvideo6.mp4 */; };
		2B5B7D902010D20800663C92 /* loginvideo7.mp4 in Resources */ = {isa = PBXBuildFile; fileRef = 2B5B7D8F2010D20800663C92 /* loginvideo7.mp4 */; };
		2B5B7D922010D83700663C92 /* LoginViewController.swift in Sources */ = {isa = PBXBuildFile; fileRef = 2B5B7D912010D83700663C92 /* LoginViewController.swift */; };
		2B80F28E2006C12F006C6544 /* loginvideo.mp4 in Resources */ = {isa = PBXBuildFile; fileRef = 2B80F28D2006C12F006C6544 /* loginvideo.mp4 */; };
		2B96B8B91FD9448B0077EB08 /* MessageCell.swift in Sources */ = {isa = PBXBuildFile; fileRef = 2B96B8B81FD9448B0077EB08 /* MessageCell.swift */; };
		2B9B4CCE1FCC347D0076BC4B /* MailContentViewController.swift in Sources */ = {isa = PBXBuildFile; fileRef = 2B9B4CCD1FCC347D0076BC4B /* MailContentViewController.swift */; };
		3F0E27401FC8373300049443 /* AppDelegate.swift in Sources */ = {isa = PBXBuildFile; fileRef = 3F0E273F1FC8373300049443 /* AppDelegate.swift */; };
		3F0E27421FC8373300049443 /* MailViewController.swift in Sources */ = {isa = PBXBuildFile; fileRef = 3F0E27411FC8373300049443 /* MailViewController.swift */; };
		3F0E27441FC8373300049443 /* CalendarViewController.swift in Sources */ = {isa = PBXBuildFile; fileRef = 3F0E27431FC8373300049443 /* CalendarViewController.swift */; };
		3F0E27471FC8373300049443 /* Main.storyboard in Resources */ = {isa = PBXBuildFile; fileRef = 3F0E27451FC8373300049443 /* Main.storyboard */; };
		3F0E274C1FC8373300049443 /* LaunchScreen.storyboard in Resources */ = {isa = PBXBuildFile; fileRef = 3F0E274A1FC8373300049443 /* LaunchScreen.storyboard */; };
		3F0E27571FC8373300049443 /* BuzzyMailTests.swift in Sources */ = {isa = PBXBuildFile; fileRef = 3F0E27561FC8373300049443 /* BuzzyMailTests.swift */; };
		3F0E27641FC83C2D00049443 /* ContactsViewController.swift in Sources */ = {isa = PBXBuildFile; fileRef = 3F0E27631FC83C2D00049443 /* ContactsViewController.swift */; };
		3F0E27661FC83D5300049443 /* OutlookService.swift in Sources */ = {isa = PBXBuildFile; fileRef = 3F0E27651FC83D5300049443 /* OutlookService.swift */; };
		3F45553C2003C1D80085BEF3 /* SideMenuMailViewController.swift in Sources */ = {isa = PBXBuildFile; fileRef = 3F45553B2003C1D80085BEF3 /* SideMenuMailViewController.swift */; };
		3F45553E2003E1940085BEF3 /* MenuCell.swift in Sources */ = {isa = PBXBuildFile; fileRef = 3F45553D2003E1940085BEF3 /* MenuCell.swift */; };
		3F4555402003E2A00085BEF3 /* MailFolder.swift in Sources */ = {isa = PBXBuildFile; fileRef = 3F45553F2003E2A00085BEF3 /* MailFolder.swift */; };
		3FA6D036200CDFBC00298710 /* Event.swift in Sources */ = {isa = PBXBuildFile; fileRef = 3FA6D035200CDFBC00298710 /* Event.swift */; };
		3FA6D038200CDFE000298710 /* Contact.swift in Sources */ = {isa = PBXBuildFile; fileRef = 3FA6D037200CDFE000298710 /* Contact.swift */; };
		3FB31B0B2003A37F003E8347 /* Message.swift in Sources */ = {isa = PBXBuildFile; fileRef = 3FB31B0A2003A37F003E8347 /* Message.swift */; };
		3FB31B102003A435003E8347 /* ReplyMailViewController.swift in Sources */ = {isa = PBXBuildFile; fileRef = 3FB31B0F2003A435003E8347 /* ReplyMailViewController.swift */; };
		3FB31B142003A484003E8347 /* MailContentTableViewController.swift in Sources */ = {isa = PBXBuildFile; fileRef = 3FB31B132003A484003E8347 /* MailContentTableViewController.swift */; };
		3FB31B162003A4D5003E8347 /* RichTextEditorEditable.swift in Sources */ = {isa = PBXBuildFile; fileRef = 3FB31B152003A4D4003E8347 /* RichTextEditorEditable.swift */; };
		3FB31B182003A51F003E8347 /* RichTextEditorNonEditable.swift in Sources */ = {isa = PBXBuildFile; fileRef = 3FB31B172003A51E003E8347 /* RichTextEditorNonEditable.swift */; };
		3FF0F3931FE407560055B34C /* Resources.bundle in Resources */ = {isa = PBXBuildFile; fileRef = 3FF0F3921FE407560055B34C /* Resources.bundle */; };
		563FEEA4200BC76B000965FD /* ContactInformationViewController.swift in Sources */ = {isa = PBXBuildFile; fileRef = 563FEEA3200BC76B000965FD /* ContactInformationViewController.swift */; };
		563FEEA6200BDBB7000965FD /* ContactsAddContactViewController.swift in Sources */ = {isa = PBXBuildFile; fileRef = 563FEEA5200BDBB7000965FD /* ContactsAddContactViewController.swift */; };
		566B141B1FC85C3800C074C4 /* Formatter.swift in Sources */ = {isa = PBXBuildFile; fileRef = 566B141A1FC85C3800C074C4 /* Formatter.swift */; };
		566B141D1FC85DB000C074C4 /* EventCell.swift in Sources */ = {isa = PBXBuildFile; fileRef = 566B141C1FC85DB000C074C4 /* EventCell.swift */; };
		569B5A2C2003BED400C34193 /* ContactCell.swift in Sources */ = {isa = PBXBuildFile; fileRef = 569B5A2B2003BED400C34193 /* ContactCell.swift */; };
		56B2823B1FD9793900329BEB /* CalendarAddEventViewController.swift in Sources */ = {isa = PBXBuildFile; fileRef = 56B2823A1FD9793900329BEB /* CalendarAddEventViewController.swift */; };
		56D7C0E21FE40F1B005DDDA3 /* CalendarContentViewController.swift in Sources */ = {isa = PBXBuildFile; fileRef = 56D7C0E11FE40F1B005DDDA3 /* CalendarContentViewController.swift */; };
		CEA0861A0E535CA814B7CCB8 /* Pods_BuzzyMail.framework in Frameworks */ = {isa = PBXBuildFile; fileRef = 20A0C70FF0E753213786CCFB /* Pods_BuzzyMail.framework */; };
/* End PBXBuildFile section */

/* Begin PBXContainerItemProxy section */
		3F0E27531FC8373300049443 /* PBXContainerItemProxy */ = {
			isa = PBXContainerItemProxy;
			containerPortal = 3F0E27341FC8373300049443 /* Project object */;
			proxyType = 1;
			remoteGlobalIDString = 3F0E273B1FC8373300049443;
			remoteInfo = BuzzyMail;
		};
/* End PBXContainerItemProxy section */

/* Begin PBXFileReference section */
		20A0C70FF0E753213786CCFB /* Pods_BuzzyMail.framework */ = {isa = PBXFileReference; explicitFileType = wrapper.framework; includeInIndex = 0; path = Pods_BuzzyMail.framework; sourceTree = BUILT_PRODUCTS_DIR; };
		2B30B51D200E52060085029B /* GoogleService-Info.plist */ = {isa = PBXFileReference; fileEncoding = 4; lastKnownFileType = text.plist.xml; path = "GoogleService-Info.plist"; sourceTree = "<group>"; };
		2B5B7D812010B11A00663C92 /* Assets.xcassets */ = {isa = PBXFileReference; lastKnownFileType = folder.assetcatalog; path = Assets.xcassets; sourceTree = "<group>"; };
		2B5B7D832010CBA200663C92 /* loginvideo1.mp4 */ = {isa = PBXFileReference; lastKnownFileType = file; path = loginvideo1.mp4; sourceTree = "<group>"; };
		2B5B7D852010CC8C00663C92 /* loginvideo2.mp4 */ = {isa = PBXFileReference; lastKnownFileType = file; path = loginvideo2.mp4; sourceTree = "<group>"; };
		2B5B7D872010CDBD00663C92 /* loginvideo4.mp4 */ = {isa = PBXFileReference; lastKnownFileType = file; path = loginvideo4.mp4; sourceTree = "<group>"; };
		2B5B7D892010CE2200663C92 /* loginvideo3.mp4 */ = {isa = PBXFileReference; lastKnownFileType = file; path = loginvideo3.mp4; sourceTree = "<group>"; };
		2B5B7D8B2010D14000663C92 /* loginvideo5.mp4 */ = {isa = PBXFileReference; lastKnownFileType = file; path = loginvideo5.mp4; sourceTree = "<group>"; };
		2B5B7D8D2010D17100663C92 /* loginvideo6.mp4 */ = {isa = PBXFileReference; lastKnownFileType = file; path = loginvideo6.mp4; sourceTree = "<group>"; };
		2B5B7D8F2010D20800663C92 /* loginvideo7.mp4 */ = {isa = PBXFileReference; lastKnownFileType = file; path = loginvideo7.mp4; sourceTree = "<group>"; };
		2B5B7D912010D83700663C92 /* LoginViewController.swift */ = {isa = PBXFileReference; fileEncoding = 4; lastKnownFileType = sourcecode.swift; path = LoginViewController.swift; sourceTree = "<group>"; };
		2B80F28D2006C12F006C6544 /* loginvideo.mp4 */ = {isa = PBXFileReference; lastKnownFileType = file; path = loginvideo.mp4; sourceTree = "<group>"; };
		2B96B8B81FD9448B0077EB08 /* MessageCell.swift */ = {isa = PBXFileReference; fileEncoding = 4; lastKnownFileType = sourcecode.swift; path = MessageCell.swift; sourceTree = "<group>"; };
		2B9B4CCD1FCC347D0076BC4B /* MailContentViewController.swift */ = {isa = PBXFileReference; lastKnownFileType = sourcecode.swift; path = MailContentViewController.swift; sourceTree = "<group>"; };
		2BB3D099200E24D800B22050 /* BuzzyMail.entitlements */ = {isa = PBXFileReference; lastKnownFileType = text.plist.entitlements; path = BuzzyMail.entitlements; sourceTree = "<group>"; };
		3DA0DA9CCB414CBC2B0883A8 /* Pods_BuzzyMailTests.framework */ = {isa = PBXFileReference; explicitFileType = wrapper.framework; includeInIndex = 0; path = Pods_BuzzyMailTests.framework; sourceTree = BUILT_PRODUCTS_DIR; };
		3F0E273C1FC8373300049443 /* BuzzyMail.app */ = {isa = PBXFileReference; explicitFileType = wrapper.application; includeInIndex = 0; path = BuzzyMail.app; sourceTree = BUILT_PRODUCTS_DIR; };
		3F0E273F1FC8373300049443 /* AppDelegate.swift */ = {isa = PBXFileReference; lastKnownFileType = sourcecode.swift; path = AppDelegate.swift; sourceTree = "<group>"; };
		3F0E27411FC8373300049443 /* MailViewController.swift */ = {isa = PBXFileReference; lastKnownFileType = sourcecode.swift; path = MailViewController.swift; sourceTree = "<group>"; };
		3F0E27431FC8373300049443 /* CalendarViewController.swift */ = {isa = PBXFileReference; lastKnownFileType = sourcecode.swift; path = CalendarViewController.swift; sourceTree = "<group>"; };
		3F0E27461FC8373300049443 /* Base */ = {isa = PBXFileReference; lastKnownFileType = file.storyboard; name = Base; path = Base.lproj/Main.storyboard; sourceTree = "<group>"; };
		3F0E274B1FC8373300049443 /* Base */ = {isa = PBXFileReference; lastKnownFileType = file.storyboard; name = Base; path = Base.lproj/LaunchScreen.storyboard; sourceTree = "<group>"; };
		3F0E274D1FC8373300049443 /* Info.plist */ = {isa = PBXFileReference; lastKnownFileType = text.plist.xml; path = Info.plist; sourceTree = "<group>"; };
		3F0E27521FC8373300049443 /* BuzzyMailTests.xctest */ = {isa = PBXFileReference; explicitFileType = wrapper.cfbundle; includeInIndex = 0; path = BuzzyMailTests.xctest; sourceTree = BUILT_PRODUCTS_DIR; };
		3F0E27561FC8373300049443 /* BuzzyMailTests.swift */ = {isa = PBXFileReference; lastKnownFileType = sourcecode.swift; path = BuzzyMailTests.swift; sourceTree = "<group>"; };
		3F0E27581FC8373300049443 /* Info.plist */ = {isa = PBXFileReference; lastKnownFileType = text.plist.xml; path = Info.plist; sourceTree = "<group>"; };
		3F0E27631FC83C2D00049443 /* ContactsViewController.swift */ = {isa = PBXFileReference; lastKnownFileType = sourcecode.swift; path = ContactsViewController.swift; sourceTree = "<group>"; };
		3F0E27651FC83D5300049443 /* OutlookService.swift */ = {isa = PBXFileReference; lastKnownFileType = sourcecode.swift; path = OutlookService.swift; sourceTree = "<group>"; };
		3F196DA41FD980AB0002287C /* MailContentTableViewController.swift */ = {isa = PBXFileReference; lastKnownFileType = sourcecode.swift; path = MailContentTableViewController.swift; sourceTree = "<group>"; };
		3F44F6451FDAA6A2005D095F /* RichTextEditor.html */ = {isa = PBXFileReference; lastKnownFileType = text.html; path = RichTextEditor.html; sourceTree = "<group>"; };
		3F44F6471FDAA704005D095F /* RichTextEditor.js */ = {isa = PBXFileReference; lastKnownFileType = sourcecode.javascript; path = RichTextEditor.js; sourceTree = "<group>"; };
		3F44F6491FDAA729005D095F /* RichTextEditorEditable.swift */ = {isa = PBXFileReference; lastKnownFileType = sourcecode.swift; path = RichTextEditorEditable.swift; sourceTree = "<group>"; };
		3F45553B2003C1D80085BEF3 /* SideMenuMailViewController.swift */ = {isa = PBXFileReference; lastKnownFileType = sourcecode.swift; path = SideMenuMailViewController.swift; sourceTree = "<group>"; };
		3F45553D2003E1940085BEF3 /* MenuCell.swift */ = {isa = PBXFileReference; lastKnownFileType = sourcecode.swift; path = MenuCell.swift; sourceTree = "<group>"; };
		3F45553F2003E2A00085BEF3 /* MailFolder.swift */ = {isa = PBXFileReference; lastKnownFileType = sourcecode.swift; path = MailFolder.swift; sourceTree = "<group>"; };
		3F663C1E1FD171F300FA9D66 /* ReplyMailViewController.swift */ = {isa = PBXFileReference; lastKnownFileType = sourcecode.swift; path = ReplyMailViewController.swift; sourceTree = "<group>"; };
		3FA6D035200CDFBC00298710 /* Event.swift */ = {isa = PBXFileReference; lastKnownFileType = sourcecode.swift; path = Event.swift; sourceTree = "<group>"; };
		3FA6D037200CDFE000298710 /* Contact.swift */ = {isa = PBXFileReference; lastKnownFileType = sourcecode.swift; path = Contact.swift; sourceTree = "<group>"; };
		3FB31B0A2003A37F003E8347 /* Message.swift */ = {isa = PBXFileReference; lastKnownFileType = sourcecode.swift; path = Message.swift; sourceTree = "<group>"; };
		3FB31B0F2003A435003E8347 /* ReplyMailViewController.swift */ = {isa = PBXFileReference; lastKnownFileType = sourcecode.swift; path = ReplyMailViewController.swift; sourceTree = "<group>"; };
		3FB31B132003A484003E8347 /* MailContentTableViewController.swift */ = {isa = PBXFileReference; lastKnownFileType = sourcecode.swift; path = MailContentTableViewController.swift; sourceTree = "<group>"; };
		3FB31B152003A4D4003E8347 /* RichTextEditorEditable.swift */ = {isa = PBXFileReference; lastKnownFileType = sourcecode.swift; path = RichTextEditorEditable.swift; sourceTree = "<group>"; };
		3FB31B172003A51E003E8347 /* RichTextEditorNonEditable.swift */ = {isa = PBXFileReference; lastKnownFileType = sourcecode.swift; path = RichTextEditorNonEditable.swift; sourceTree = "<group>"; };
		3FF0F38E1FE405D90055B34C /* RichTextEditorNonEditable.swift */ = {isa = PBXFileReference; fileEncoding = 4; lastKnownFileType = sourcecode.swift; path = RichTextEditorNonEditable.swift; sourceTree = "<group>"; };
		3FF0F3921FE407560055B34C /* Resources.bundle */ = {isa = PBXFileReference; lastKnownFileType = "wrapper.plug-in"; path = Resources.bundle; sourceTree = "<group>"; };
		4DBD452035A0C8E67B017707 /* Pods-BuzzyMailTests.debug.xcconfig */ = {isa = PBXFileReference; includeInIndex = 1; lastKnownFileType = text.xcconfig; name = "Pods-BuzzyMailTests.debug.xcconfig"; path = "Pods/Target Support Files/Pods-BuzzyMailTests/Pods-BuzzyMailTests.debug.xcconfig"; sourceTree = "<group>"; };
		563FEEA3200BC76B000965FD /* ContactInformationViewController.swift */ = {isa = PBXFileReference; lastKnownFileType = sourcecode.swift; path = ContactInformationViewController.swift; sourceTree = "<group>"; };
		563FEEA5200BDBB7000965FD /* ContactsAddContactViewController.swift */ = {isa = PBXFileReference; lastKnownFileType = sourcecode.swift; path = ContactsAddContactViewController.swift; sourceTree = "<group>"; };
		566B141A1FC85C3800C074C4 /* Formatter.swift */ = {isa = PBXFileReference; lastKnownFileType = sourcecode.swift; path = Formatter.swift; sourceTree = "<group>"; };
		566B141C1FC85DB000C074C4 /* EventCell.swift */ = {isa = PBXFileReference; lastKnownFileType = sourcecode.swift; path = EventCell.swift; sourceTree = "<group>"; };
		569B5A2B2003BED400C34193 /* ContactCell.swift */ = {isa = PBXFileReference; lastKnownFileType = sourcecode.swift; path = ContactCell.swift; sourceTree = "<group>"; };
		56B2823A1FD9793900329BEB /* CalendarAddEventViewController.swift */ = {isa = PBXFileReference; lastKnownFileType = sourcecode.swift; path = CalendarAddEventViewController.swift; sourceTree = "<group>"; };
		56D7C0E11FE40F1B005DDDA3 /* CalendarContentViewController.swift */ = {isa = PBXFileReference; lastKnownFileType = sourcecode.swift; path = CalendarContentViewController.swift; sourceTree = "<group>"; };
		6F3F3653ADAE360DBC6D0E06 /* Pods-BuzzyMail.debug.xcconfig */ = {isa = PBXFileReference; includeInIndex = 1; lastKnownFileType = text.xcconfig; name = "Pods-BuzzyMail.debug.xcconfig"; path = "Pods/Target Support Files/Pods-BuzzyMail/Pods-BuzzyMail.debug.xcconfig"; sourceTree = "<group>"; };
		A62C9FE2F7DE7DBBBFCFD7E1 /* Pods-BuzzyMail.release.xcconfig */ = {isa = PBXFileReference; includeInIndex = 1; lastKnownFileType = text.xcconfig; name = "Pods-BuzzyMail.release.xcconfig"; path = "Pods/Target Support Files/Pods-BuzzyMail/Pods-BuzzyMail.release.xcconfig"; sourceTree = "<group>"; };
		E1FD6AF08A3DD0942473EF7F /* Pods-BuzzyMailTests.release.xcconfig */ = {isa = PBXFileReference; includeInIndex = 1; lastKnownFileType = text.xcconfig; name = "Pods-BuzzyMailTests.release.xcconfig"; path = "Pods/Target Support Files/Pods-BuzzyMailTests/Pods-BuzzyMailTests.release.xcconfig"; sourceTree = "<group>"; };
/* End PBXFileReference section */

/* Begin PBXFrameworksBuildPhase section */
		3F0E27391FC8373300049443 /* Frameworks */ = {
			isa = PBXFrameworksBuildPhase;
			buildActionMask = 2147483647;
			files = (
				CEA0861A0E535CA814B7CCB8 /* Pods_BuzzyMail.framework in Frameworks */,
			);
			runOnlyForDeploymentPostprocessing = 0;
		};
		3F0E274F1FC8373300049443 /* Frameworks */ = {
			isa = PBXFrameworksBuildPhase;
			buildActionMask = 2147483647;
			files = (
				1059B58C43A6AE2BB0916545 /* Pods_BuzzyMailTests.framework in Frameworks */,
			);
			runOnlyForDeploymentPostprocessing = 0;
		};
/* End PBXFrameworksBuildPhase section */

/* Begin PBXGroup section */
		2A6BE0F37F3D5D47306D305D /* Frameworks */ = {
			isa = PBXGroup;
			children = (
				20A0C70FF0E753213786CCFB /* Pods_BuzzyMail.framework */,
				3DA0DA9CCB414CBC2B0883A8 /* Pods_BuzzyMailTests.framework */,
			);
			name = Frameworks;
			sourceTree = "<group>";
		};
		3F0E27331FC8373300049443 = {
			isa = PBXGroup;
			children = (
				2B5B7D8F2010D20800663C92 /* loginvideo7.mp4 */,
				2B5B7D8D2010D17100663C92 /* loginvideo6.mp4 */,
				2B5B7D8B2010D14000663C92 /* loginvideo5.mp4 */,
				2B5B7D892010CE2200663C92 /* loginvideo3.mp4 */,
				2B5B7D872010CDBD00663C92 /* loginvideo4.mp4 */,
				2B5B7D852010CC8C00663C92 /* loginvideo2.mp4 */,
				2B5B7D832010CBA200663C92 /* loginvideo1.mp4 */,
				2B80F28D2006C12F006C6544 /* loginvideo.mp4 */,
				3FF0F3921FE407560055B34C /* Resources.bundle */,
				3F0E273E1FC8373300049443 /* BuzzyMail */,
				3F0E27551FC8373300049443 /* BuzzyMailTests */,
				3F0E273D1FC8373300049443 /* Products */,
				FDF4E7DAEAF30437AA7DEB9D /* Pods */,
				2A6BE0F37F3D5D47306D305D /* Frameworks */,
				3F70EDA520037B2600010314 /* Recovered References */,
			);
			sourceTree = "<group>";
		};
		3F0E273D1FC8373300049443 /* Products */ = {
			isa = PBXGroup;
			children = (
				3F0E273C1FC8373300049443 /* BuzzyMail.app */,
				3F0E27521FC8373300049443 /* BuzzyMailTests.xctest */,
			);
			name = Products;
			sourceTree = "<group>";
		};
		3F0E273E1FC8373300049443 /* BuzzyMail */ = {
			isa = PBXGroup;
			children = (
				2BB3D099200E24D800B22050 /* BuzzyMail.entitlements */,
				3FA6D03B200CE02200298710 /* contacts */,
				3FA6D03A200CE00B00298710 /* calendar */,
				3FA6D039200CDFF500298710 /* mail */,
				3FB31B0E2003A3A0003E8347 /* models */,
				3F0E273F1FC8373300049443 /* AppDelegate.swift */,
				566B141A1FC85C3800C074C4 /* Formatter.swift */,
				2B5B7D912010D83700663C92 /* LoginViewController.swift */,
				3F0E27651FC83D5300049443 /* OutlookService.swift */,
				2B5B7D812010B11A00663C92 /* Assets.xcassets */,
				3F0E27451FC8373300049443 /* Main.storyboard */,
				3F0E274A1FC8373300049443 /* LaunchScreen.storyboard */,
				3F0E274D1FC8373300049443 /* Info.plist */,
				2B30B51D200E52060085029B /* GoogleService-Info.plist */,
			);
			path = BuzzyMail;
			sourceTree = "<group>";
		};
		3F0E27551FC8373300049443 /* BuzzyMailTests */ = {
			isa = PBXGroup;
			children = (
				3F44F64B1FDAB239005D095F /* Resources */,
				3F0E27561FC8373300049443 /* BuzzyMailTests.swift */,
				3F0E27581FC8373300049443 /* Info.plist */,
			);
			path = BuzzyMailTests;
			sourceTree = "<group>";
		};
		3F44F64B1FDAB239005D095F /* Resources */ = {
			isa = PBXGroup;
			children = (
				3F44F6451FDAA6A2005D095F /* RichTextEditor.html */,
				3F44F6471FDAA704005D095F /* RichTextEditor.js */,
			);
			name = Resources;
			path = ../Resources;
			sourceTree = "<group>";
		};
		3F70EDA520037B2600010314 /* Recovered References */ = {
			isa = PBXGroup;
			children = (
				3F196DA41FD980AB0002287C /* MailContentTableViewController.swift */,
				3F663C1E1FD171F300FA9D66 /* ReplyMailViewController.swift */,
				3F44F6491FDAA729005D095F /* RichTextEditorEditable.swift */,
				3FF0F38E1FE405D90055B34C /* RichTextEditorNonEditable.swift */,
			);
			name = "Recovered References";
			sourceTree = "<group>";
		};
		3FA6D039200CDFF500298710 /* mail */ = {
			isa = PBXGroup;
			children = (
				3F0E27411FC8373300049443 /* MailViewController.swift */,
				2B9B4CCD1FCC347D0076BC4B /* MailContentViewController.swift */,
				3FB31B0F2003A435003E8347 /* ReplyMailViewController.swift */,
				3FB31B132003A484003E8347 /* MailContentTableViewController.swift */,
				3FB31B152003A4D4003E8347 /* RichTextEditorEditable.swift */,
				3FB31B172003A51E003E8347 /* RichTextEditorNonEditable.swift */,
				3F45553B2003C1D80085BEF3 /* SideMenuMailViewController.swift */,
				3F45553D2003E1940085BEF3 /* MenuCell.swift */,
				2B96B8B81FD9448B0077EB08 /* MessageCell.swift */,
			);
			path = mail;
			sourceTree = "<group>";
		};
		3FA6D03A200CE00B00298710 /* calendar */ = {
			isa = PBXGroup;
			children = (
				3F0E27431FC8373300049443 /* CalendarViewController.swift */,
				56B2823A1FD9793900329BEB /* CalendarAddEventViewController.swift */,
				56D7C0E11FE40F1B005DDDA3 /* CalendarContentViewController.swift */,
				566B141C1FC85DB000C074C4 /* EventCell.swift */,
			);
			path = calendar;
			sourceTree = "<group>";
		};
		3FA6D03B200CE02200298710 /* contacts */ = {
			isa = PBXGroup;
			children = (
				3F0E27631FC83C2D00049443 /* ContactsViewController.swift */,
				563FEEA3200BC76B000965FD /* ContactInformationViewController.swift */,
				563FEEA5200BDBB7000965FD /* ContactsAddContactViewController.swift */,
				569B5A2B2003BED400C34193 /* ContactCell.swift */,
			);
			path = contacts;
			sourceTree = "<group>";
		};
		3FB31B0E2003A3A0003E8347 /* models */ = {
			isa = PBXGroup;
			children = (
				3FB31B0A2003A37F003E8347 /* Message.swift */,
				3F45553F2003E2A00085BEF3 /* MailFolder.swift */,
				3FA6D035200CDFBC00298710 /* Event.swift */,
				3FA6D037200CDFE000298710 /* Contact.swift */,
			);
			path = models;
			sourceTree = "<group>";
		};
		FDF4E7DAEAF30437AA7DEB9D /* Pods */ = {
			isa = PBXGroup;
			children = (
				6F3F3653ADAE360DBC6D0E06 /* Pods-BuzzyMail.debug.xcconfig */,
				A62C9FE2F7DE7DBBBFCFD7E1 /* Pods-BuzzyMail.release.xcconfig */,
				4DBD452035A0C8E67B017707 /* Pods-BuzzyMailTests.debug.xcconfig */,
				E1FD6AF08A3DD0942473EF7F /* Pods-BuzzyMailTests.release.xcconfig */,
			);
			name = Pods;
			sourceTree = "<group>";
		};
/* End PBXGroup section */

/* Begin PBXNativeTarget section */
		3F0E273B1FC8373300049443 /* BuzzyMail */ = {
			isa = PBXNativeTarget;
			buildConfigurationList = 3F0E275B1FC8373300049443 /* Build configuration list for PBXNativeTarget "BuzzyMail" */;
			buildPhases = (
				BB2A709AE8E6A6837478A1B7 /* [CP] Check Pods Manifest.lock */,
				3F0E27381FC8373300049443 /* Sources */,
				3F0E27391FC8373300049443 /* Frameworks */,
				3F0E273A1FC8373300049443 /* Resources */,
				E1C871628E45F7478A65E7B2 /* [CP] Embed Pods Frameworks */,
				B6F0E09452A81574C7659B1A /* [CP] Copy Pods Resources */,
			);
			buildRules = (
			);
			dependencies = (
			);
			name = BuzzyMail;
			productName = BuzzyMail;
			productReference = 3F0E273C1FC8373300049443 /* BuzzyMail.app */;
			productType = "com.apple.product-type.application";
		};
		3F0E27511FC8373300049443 /* BuzzyMailTests */ = {
			isa = PBXNativeTarget;
			buildConfigurationList = 3F0E275E1FC8373300049443 /* Build configuration list for PBXNativeTarget "BuzzyMailTests" */;
			buildPhases = (
				7959A984657B7C55BCA8A30A /* [CP] Check Pods Manifest.lock */,
				3F0E274E1FC8373300049443 /* Sources */,
				3F0E274F1FC8373300049443 /* Frameworks */,
				3F0E27501FC8373300049443 /* Resources */,
				54E929DD2C7826393945618F /* [CP] Embed Pods Frameworks */,
				3249A1438B14FC3ADEBACB9A /* [CP] Copy Pods Resources */,
			);
			buildRules = (
			);
			dependencies = (
				3F0E27541FC8373300049443 /* PBXTargetDependency */,
			);
			name = BuzzyMailTests;
			productName = BuzzyMailTests;
			productReference = 3F0E27521FC8373300049443 /* BuzzyMailTests.xctest */;
			productType = "com.apple.product-type.bundle.unit-test";
		};
/* End PBXNativeTarget section */

/* Begin PBXProject section */
		3F0E27341FC8373300049443 /* Project object */ = {
			isa = PBXProject;
			attributes = {
				LastSwiftUpdateCheck = 0910;
				LastUpgradeCheck = 0910;
				ORGANIZATIONNAME = "Jérémy Keusters";
				TargetAttributes = {
					3F0E273B1FC8373300049443 = {
						CreatedOnToolsVersion = 9.1;
						ProvisioningStyle = Automatic;
						SystemCapabilities = {
							com.apple.Push = {
								enabled = 1;
							};
						};
					};
					3F0E27511FC8373300049443 = {
						CreatedOnToolsVersion = 9.1;
						ProvisioningStyle = Automatic;
						TestTargetID = 3F0E273B1FC8373300049443;
					};
				};
			};
			buildConfigurationList = 3F0E27371FC8373300049443 /* Build configuration list for PBXProject "BuzzyMail" */;
			compatibilityVersion = "Xcode 8.0";
			developmentRegion = en;
			hasScannedForEncodings = 0;
			knownRegions = (
				en,
				Base,
			);
			mainGroup = 3F0E27331FC8373300049443;
			productRefGroup = 3F0E273D1FC8373300049443 /* Products */;
			projectDirPath = "";
			projectRoot = "";
			targets = (
				3F0E273B1FC8373300049443 /* BuzzyMail */,
				3F0E27511FC8373300049443 /* BuzzyMailTests */,
			);
		};
/* End PBXProject section */

/* Begin PBXResourcesBuildPhase section */
		3F0E273A1FC8373300049443 /* Resources */ = {
			isa = PBXResourcesBuildPhase;
			buildActionMask = 2147483647;
			files = (
				2B5B7D8E2010D17100663C92 /* loginvideo6.mp4 in Resources */,
				2B5B7D8C2010D14000663C92 /* loginvideo5.mp4 in Resources */,
				2B80F28E2006C12F006C6544 /* loginvideo.mp4 in Resources */,
				3F0E274C1FC8373300049443 /* LaunchScreen.storyboard in Resources */,
				2B5B7D902010D20800663C92 /* loginvideo7.mp4 in Resources */,
				3F0E27471FC8373300049443 /* Main.storyboard in Resources */,
				2B5B7D8A2010CE2200663C92 /* loginvideo3.mp4 in Resources */,
				2B5B7D882010CDBD00663C92 /* loginvideo4.mp4 in Resources */,
				3FF0F3931FE407560055B34C /* Resources.bundle in Resources */,
				2B5B7D822010B11A00663C92 /* Assets.xcassets in Resources */,
				2B5B7D862010CC8C00663C92 /* loginvideo2.mp4 in Resources */,
				2B30B51E200E52060085029B /* GoogleService-Info.plist in Resources */,
				2B5B7D842010CBA300663C92 /* loginvideo1.mp4 in Resources */,
			);
			runOnlyForDeploymentPostprocessing = 0;
		};
		3F0E27501FC8373300049443 /* Resources */ = {
			isa = PBXResourcesBuildPhase;
			buildActionMask = 2147483647;
			files = (
			);
			runOnlyForDeploymentPostprocessing = 0;
		};
/* End PBXResourcesBuildPhase section */

/* Begin PBXShellScriptBuildPhase section */
		3249A1438B14FC3ADEBACB9A /* [CP] Copy Pods Resources */ = {
			isa = PBXShellScriptBuildPhase;
			buildActionMask = 2147483647;
			files = (
			);
			inputPaths = (
			);
			name = "[CP] Copy Pods Resources";
			outputPaths = (
			);
			runOnlyForDeploymentPostprocessing = 0;
			shellPath = /bin/sh;
			shellScript = "\"${SRCROOT}/Pods/Target Support Files/Pods-BuzzyMailTests/Pods-BuzzyMailTests-resources.sh\"\n";
			showEnvVarsInLog = 0;
		};
		54E929DD2C7826393945618F /* [CP] Embed Pods Frameworks */ = {
			isa = PBXShellScriptBuildPhase;
			buildActionMask = 2147483647;
			files = (
			);
			inputPaths = (
			);
			name = "[CP] Embed Pods Frameworks";
			outputPaths = (
			);
			runOnlyForDeploymentPostprocessing = 0;
			shellPath = /bin/sh;
			shellScript = "\"${SRCROOT}/Pods/Target Support Files/Pods-BuzzyMailTests/Pods-BuzzyMailTests-frameworks.sh\"\n";
			showEnvVarsInLog = 0;
		};
		7959A984657B7C55BCA8A30A /* [CP] Check Pods Manifest.lock */ = {
			isa = PBXShellScriptBuildPhase;
			buildActionMask = 2147483647;
			files = (
			);
			inputPaths = (
				"${PODS_PODFILE_DIR_PATH}/Podfile.lock",
				"${PODS_ROOT}/Manifest.lock",
			);
			name = "[CP] Check Pods Manifest.lock";
			outputPaths = (
				"$(DERIVED_FILE_DIR)/Pods-BuzzyMailTests-checkManifestLockResult.txt",
			);
			runOnlyForDeploymentPostprocessing = 0;
			shellPath = /bin/sh;
			shellScript = "diff \"${PODS_PODFILE_DIR_PATH}/Podfile.lock\" \"${PODS_ROOT}/Manifest.lock\" > /dev/null\nif [ $? != 0 ] ; then\n    # print error to STDERR\n    echo \"error: The sandbox is not in sync with the Podfile.lock. Run 'pod install' or update your CocoaPods installation.\" >&2\n    exit 1\nfi\n# This output is used by Xcode 'outputs' to avoid re-running this script phase.\necho \"SUCCESS\" > \"${SCRIPT_OUTPUT_FILE_0}\"\n";
			showEnvVarsInLog = 0;
		};
		B6F0E09452A81574C7659B1A /* [CP] Copy Pods Resources */ = {
			isa = PBXShellScriptBuildPhase;
			buildActionMask = 2147483647;
			files = (
			);
			inputPaths = (
			);
			name = "[CP] Copy Pods Resources";
			outputPaths = (
			);
			runOnlyForDeploymentPostprocessing = 0;
			shellPath = /bin/sh;
			shellScript = "\"${SRCROOT}/Pods/Target Support Files/Pods-BuzzyMail/Pods-BuzzyMail-resources.sh\"\n";
			showEnvVarsInLog = 0;
		};
		BB2A709AE8E6A6837478A1B7 /* [CP] Check Pods Manifest.lock */ = {
			isa = PBXShellScriptBuildPhase;
			buildActionMask = 2147483647;
			files = (
			);
			inputPaths = (
				"${PODS_PODFILE_DIR_PATH}/Podfile.lock",
				"${PODS_ROOT}/Manifest.lock",
			);
			name = "[CP] Check Pods Manifest.lock";
			outputPaths = (
				"$(DERIVED_FILE_DIR)/Pods-BuzzyMail-checkManifestLockResult.txt",
			);
			runOnlyForDeploymentPostprocessing = 0;
			shellPath = /bin/sh;
			shellScript = "diff \"${PODS_PODFILE_DIR_PATH}/Podfile.lock\" \"${PODS_ROOT}/Manifest.lock\" > /dev/null\nif [ $? != 0 ] ; then\n    # print error to STDERR\n    echo \"error: The sandbox is not in sync with the Podfile.lock. Run 'pod install' or update your CocoaPods installation.\" >&2\n    exit 1\nfi\n# This output is used by Xcode 'outputs' to avoid re-running this script phase.\necho \"SUCCESS\" > \"${SCRIPT_OUTPUT_FILE_0}\"\n";
			showEnvVarsInLog = 0;
		};
		E1C871628E45F7478A65E7B2 /* [CP] Embed Pods Frameworks */ = {
			isa = PBXShellScriptBuildPhase;
			buildActionMask = 2147483647;
			files = (
			);
			inputPaths = (
				"${SRCROOT}/Pods/Target Support Files/Pods-BuzzyMail/Pods-BuzzyMail-frameworks.sh",
				"${BUILT_PRODUCTS_DIR}/GoogleToolboxForMac/GoogleToolboxForMac.framework",
				"${BUILT_PRODUCTS_DIR}/Protobuf/Protobuf.framework",
				"${BUILT_PRODUCTS_DIR}/SideMenu/SideMenu.framework",
				"${BUILT_PRODUCTS_DIR}/SwiftVideoBackground/SwiftVideoBackground.framework",
				"${BUILT_PRODUCTS_DIR}/SwiftyJSON/SwiftyJSON.framework",
				"${BUILT_PRODUCTS_DIR}/nanopb/nanopb.framework",
				"${BUILT_PRODUCTS_DIR}/p2.OAuth2/p2_OAuth2.framework",
			);
			name = "[CP] Embed Pods Frameworks";
			outputPaths = (
				"${TARGET_BUILD_DIR}/${FRAMEWORKS_FOLDER_PATH}/GoogleToolboxForMac.framework",
				"${TARGET_BUILD_DIR}/${FRAMEWORKS_FOLDER_PATH}/Protobuf.framework",
				"${TARGET_BUILD_DIR}/${FRAMEWORKS_FOLDER_PATH}/SideMenu.framework",
				"${TARGET_BUILD_DIR}/${FRAMEWORKS_FOLDER_PATH}/SwiftVideoBackground.framework",
				"${TARGET_BUILD_DIR}/${FRAMEWORKS_FOLDER_PATH}/SwiftyJSON.framework",
				"${TARGET_BUILD_DIR}/${FRAMEWORKS_FOLDER_PATH}/nanopb.framework",
				"${TARGET_BUILD_DIR}/${FRAMEWORKS_FOLDER_PATH}/p2_OAuth2.framework",
			);
			runOnlyForDeploymentPostprocessing = 0;
			shellPath = /bin/sh;
			shellScript = "\"${SRCROOT}/Pods/Target Support Files/Pods-BuzzyMail/Pods-BuzzyMail-frameworks.sh\"\n";
			showEnvVarsInLog = 0;
		};
/* End PBXShellScriptBuildPhase section */

/* Begin PBXSourcesBuildPhase section */
		3F0E27381FC8373300049443 /* Sources */ = {
			isa = PBXSourcesBuildPhase;
			buildActionMask = 2147483647;
			files = (
				569B5A2C2003BED400C34193 /* ContactCell.swift in Sources */,
				3FB31B182003A51F003E8347 /* RichTextEditorNonEditable.swift in Sources */,
				3FA6D038200CDFE000298710 /* Contact.swift in Sources */,
				3FB31B162003A4D5003E8347 /* RichTextEditorEditable.swift in Sources */,
				3F4555402003E2A00085BEF3 /* MailFolder.swift in Sources */,
				3FB31B142003A484003E8347 /* MailContentTableViewController.swift in Sources */,
				3FB31B102003A435003E8347 /* ReplyMailViewController.swift in Sources */,
				3FB31B0B2003A37F003E8347 /* Message.swift in Sources */,
				3F45553E2003E1940085BEF3 /* MenuCell.swift in Sources */,
				3F0E27441FC8373300049443 /* CalendarViewController.swift in Sources */,
				56D7C0E21FE40F1B005DDDA3 /* CalendarContentViewController.swift in Sources */,
				3F0E27401FC8373300049443 /* AppDelegate.swift in Sources */,
				563FEEA4200BC76B000965FD /* ContactInformationViewController.swift in Sources */,
				2B5B7D922010D83700663C92 /* LoginViewController.swift in Sources */,
				566B141B1FC85C3800C074C4 /* Formatter.swift in Sources */,
				3F45553C2003C1D80085BEF3 /* SideMenuMailViewController.swift in Sources */,
				566B141D1FC85DB000C074C4 /* EventCell.swift in Sources */,
				3FA6D036200CDFBC00298710 /* Event.swift in Sources */,
				2B9B4CCE1FCC347D0076BC4B /* MailContentViewController.swift in Sources */,
				3F0E27421FC8373300049443 /* MailViewController.swift in Sources */,
				56B2823B1FD9793900329BEB /* CalendarAddEventViewController.swift in Sources */,
				563FEEA6200BDBB7000965FD /* ContactsAddContactViewController.swift in Sources */,
				3F0E27641FC83C2D00049443 /* ContactsViewController.swift in Sources */,
				3F0E27661FC83D5300049443 /* OutlookService.swift in Sources */,
				2B96B8B91FD9448B0077EB08 /* MessageCell.swift in Sources */,
			);
			runOnlyForDeploymentPostprocessing = 0;
		};
		3F0E274E1FC8373300049443 /* Sources */ = {
			isa = PBXSourcesBuildPhase;
			buildActionMask = 2147483647;
			files = (
				3F0E27571FC8373300049443 /* BuzzyMailTests.swift in Sources */,
			);
			runOnlyForDeploymentPostprocessing = 0;
		};
/* End PBXSourcesBuildPhase section */

/* Begin PBXTargetDependency section */
		3F0E27541FC8373300049443 /* PBXTargetDependency */ = {
			isa = PBXTargetDependency;
			target = 3F0E273B1FC8373300049443 /* BuzzyMail */;
			targetProxy = 3F0E27531FC8373300049443 /* PBXContainerItemProxy */;
		};
/* End PBXTargetDependency section */

/* Begin PBXVariantGroup section */
		3F0E27451FC8373300049443 /* Main.storyboard */ = {
			isa = PBXVariantGroup;
			children = (
				3F0E27461FC8373300049443 /* Base */,
			);
			name = Main.storyboard;
			sourceTree = "<group>";
		};
		3F0E274A1FC8373300049443 /* LaunchScreen.storyboard */ = {
			isa = PBXVariantGroup;
			children = (
				3F0E274B1FC8373300049443 /* Base */,
			);
			name = LaunchScreen.storyboard;
			sourceTree = "<group>";
		};
/* End PBXVariantGroup section */

/* Begin XCBuildConfiguration section */
		3F0E27591FC8373300049443 /* Debug */ = {
			isa = XCBuildConfiguration;
			buildSettings = {
				ALWAYS_SEARCH_USER_PATHS = NO;
				CLANG_ANALYZER_NONNULL = YES;
				CLANG_ANALYZER_NUMBER_OBJECT_CONVERSION = YES_AGGRESSIVE;
				CLANG_CXX_LANGUAGE_STANDARD = "gnu++14";
				CLANG_CXX_LIBRARY = "libc++";
				CLANG_ENABLE_MODULES = YES;
				CLANG_ENABLE_OBJC_ARC = YES;
				CLANG_WARN_BLOCK_CAPTURE_AUTORELEASING = YES;
				CLANG_WARN_BOOL_CONVERSION = YES;
				CLANG_WARN_COMMA = YES;
				CLANG_WARN_CONSTANT_CONVERSION = YES;
				CLANG_WARN_DIRECT_OBJC_ISA_USAGE = YES_ERROR;
				CLANG_WARN_DOCUMENTATION_COMMENTS = YES;
				CLANG_WARN_EMPTY_BODY = YES;
				CLANG_WARN_ENUM_CONVERSION = YES;
				CLANG_WARN_INFINITE_RECURSION = YES;
				CLANG_WARN_INT_CONVERSION = YES;
				CLANG_WARN_NON_LITERAL_NULL_CONVERSION = YES;
				CLANG_WARN_OBJC_LITERAL_CONVERSION = YES;
				CLANG_WARN_OBJC_ROOT_CLASS = YES_ERROR;
				CLANG_WARN_RANGE_LOOP_ANALYSIS = YES;
				CLANG_WARN_STRICT_PROTOTYPES = YES;
				CLANG_WARN_SUSPICIOUS_MOVE = YES;
				CLANG_WARN_UNGUARDED_AVAILABILITY = YES_AGGRESSIVE;
				CLANG_WARN_UNREACHABLE_CODE = YES;
				CLANG_WARN__DUPLICATE_METHOD_MATCH = YES;
				CODE_SIGN_IDENTITY = "iPhone Developer";
				COPY_PHASE_STRIP = NO;
				DEBUG_INFORMATION_FORMAT = dwarf;
				ENABLE_STRICT_OBJC_MSGSEND = YES;
				ENABLE_TESTABILITY = YES;
				GCC_C_LANGUAGE_STANDARD = gnu11;
				GCC_DYNAMIC_NO_PIC = NO;
				GCC_NO_COMMON_BLOCKS = YES;
				GCC_OPTIMIZATION_LEVEL = 0;
				GCC_PREPROCESSOR_DEFINITIONS = (
					"DEBUG=1",
					"$(inherited)",
				);
				GCC_WARN_64_TO_32_BIT_CONVERSION = YES;
				GCC_WARN_ABOUT_RETURN_TYPE = YES_ERROR;
				GCC_WARN_UNDECLARED_SELECTOR = YES;
				GCC_WARN_UNINITIALIZED_AUTOS = YES_AGGRESSIVE;
				GCC_WARN_UNUSED_FUNCTION = YES;
				GCC_WARN_UNUSED_VARIABLE = YES;
				IPHONEOS_DEPLOYMENT_TARGET = 11.1;
				MTL_ENABLE_DEBUG_INFO = YES;
				ONLY_ACTIVE_ARCH = YES;
				SDKROOT = iphoneos;
				SWIFT_ACTIVE_COMPILATION_CONDITIONS = DEBUG;
				SWIFT_OPTIMIZATION_LEVEL = "-Onone";
			};
			name = Debug;
		};
		3F0E275A1FC8373300049443 /* Release */ = {
			isa = XCBuildConfiguration;
			buildSettings = {
				ALWAYS_SEARCH_USER_PATHS = NO;
				CLANG_ANALYZER_NONNULL = YES;
				CLANG_ANALYZER_NUMBER_OBJECT_CONVERSION = YES_AGGRESSIVE;
				CLANG_CXX_LANGUAGE_STANDARD = "gnu++14";
				CLANG_CXX_LIBRARY = "libc++";
				CLANG_ENABLE_MODULES = YES;
				CLANG_ENABLE_OBJC_ARC = YES;
				CLANG_WARN_BLOCK_CAPTURE_AUTORELEASING = YES;
				CLANG_WARN_BOOL_CONVERSION = YES;
				CLANG_WARN_COMMA = YES;
				CLANG_WARN_CONSTANT_CONVERSION = YES;
				CLANG_WARN_DIRECT_OBJC_ISA_USAGE = YES_ERROR;
				CLANG_WARN_DOCUMENTATION_COMMENTS = YES;
				CLANG_WARN_EMPTY_BODY = YES;
				CLANG_WARN_ENUM_CONVERSION = YES;
				CLANG_WARN_INFINITE_RECURSION = YES;
				CLANG_WARN_INT_CONVERSION = YES;
				CLANG_WARN_NON_LITERAL_NULL_CONVERSION = YES;
				CLANG_WARN_OBJC_LITERAL_CONVERSION = YES;
				CLANG_WARN_OBJC_ROOT_CLASS = YES_ERROR;
				CLANG_WARN_RANGE_LOOP_ANALYSIS = YES;
				CLANG_WARN_STRICT_PROTOTYPES = YES;
				CLANG_WARN_SUSPICIOUS_MOVE = YES;
				CLANG_WARN_UNGUARDED_AVAILABILITY = YES_AGGRESSIVE;
				CLANG_WARN_UNREACHABLE_CODE = YES;
				CLANG_WARN__DUPLICATE_METHOD_MATCH = YES;
				CODE_SIGN_IDENTITY = "iPhone Developer";
				COPY_PHASE_STRIP = NO;
				DEBUG_INFORMATION_FORMAT = "dwarf-with-dsym";
				ENABLE_NS_ASSERTIONS = NO;
				ENABLE_STRICT_OBJC_MSGSEND = YES;
				GCC_C_LANGUAGE_STANDARD = gnu11;
				GCC_NO_COMMON_BLOCKS = YES;
				GCC_WARN_64_TO_32_BIT_CONVERSION = YES;
				GCC_WARN_ABOUT_RETURN_TYPE = YES_ERROR;
				GCC_WARN_UNDECLARED_SELECTOR = YES;
				GCC_WARN_UNINITIALIZED_AUTOS = YES_AGGRESSIVE;
				GCC_WARN_UNUSED_FUNCTION = YES;
				GCC_WARN_UNUSED_VARIABLE = YES;
				IPHONEOS_DEPLOYMENT_TARGET = 11.1;
				MTL_ENABLE_DEBUG_INFO = NO;
				SDKROOT = iphoneos;
				SWIFT_OPTIMIZATION_LEVEL = "-Owholemodule";
				VALIDATE_PRODUCT = YES;
			};
			name = Release;
		};
		3F0E275C1FC8373300049443 /* Debug */ = {
			isa = XCBuildConfiguration;
			baseConfigurationReference = 6F3F3653ADAE360DBC6D0E06 /* Pods-BuzzyMail.debug.xcconfig */;
			buildSettings = {
				ASSETCATALOG_COMPILER_APPICON_NAME = AppIcon;
				CODE_SIGN_ENTITLEMENTS = BuzzyMail/BuzzyMail.entitlements;
				CODE_SIGN_STYLE = Automatic;
				DEVELOPMENT_TEAM = "";
				INFOPLIST_FILE = BuzzyMail/Info.plist;
				IPHONEOS_DEPLOYMENT_TARGET = 11.0;
				LD_RUNPATH_SEARCH_PATHS = "$(inherited) @executable_path/Frameworks";
				PRODUCT_BUNDLE_IDENTIFIER = edu.ap.be.BuzzyMail2017;
				PRODUCT_NAME = "$(TARGET_NAME)";
				SWIFT_VERSION = 4.0;
				TARGETED_DEVICE_FAMILY = "1,2";
			};
			name = Debug;
		};
		3F0E275D1FC8373300049443 /* Release */ = {
			isa = XCBuildConfiguration;
			baseConfigurationReference = A62C9FE2F7DE7DBBBFCFD7E1 /* Pods-BuzzyMail.release.xcconfig */;
			buildSettings = {
				ASSETCATALOG_COMPILER_APPICON_NAME = AppIcon;
				CODE_SIGN_ENTITLEMENTS = BuzzyMail/BuzzyMail.entitlements;
				CODE_SIGN_STYLE = Automatic;
				DEVELOPMENT_TEAM = "";
				INFOPLIST_FILE = BuzzyMail/Info.plist;
				IPHONEOS_DEPLOYMENT_TARGET = 11.0;
				LD_RUNPATH_SEARCH_PATHS = "$(inherited) @executable_path/Frameworks";
				PRODUCT_BUNDLE_IDENTIFIER = edu.ap.be.BuzzyMail2017;
				PRODUCT_NAME = "$(TARGET_NAME)";
				SWIFT_VERSION = 4.0;
				TARGETED_DEVICE_FAMILY = "1,2";
			};
			name = Release;
		};
		3F0E275F1FC8373300049443 /* Debug */ = {
			isa = XCBuildConfiguration;
			baseConfigurationReference = 4DBD452035A0C8E67B017707 /* Pods-BuzzyMailTests.debug.xcconfig */;
			buildSettings = {
				ALWAYS_EMBED_SWIFT_STANDARD_LIBRARIES = YES;
				BUNDLE_LOADER = "$(TEST_HOST)";
				CODE_SIGN_STYLE = Automatic;
				DEVELOPMENT_TEAM = MJKLC6UF2T;
				INFOPLIST_FILE = BuzzyMailTests/Info.plist;
				LD_RUNPATH_SEARCH_PATHS = "$(inherited) @executable_path/Frameworks @loader_path/Frameworks";
				PRODUCT_BUNDLE_IDENTIFIER = edu.ap.be.BuzzyMailTests;
				PRODUCT_NAME = "$(TARGET_NAME)";
				SWIFT_VERSION = 4.0;
				TARGETED_DEVICE_FAMILY = "1,2";
				TEST_HOST = "$(BUILT_PRODUCTS_DIR)/BuzzyMail.app/BuzzyMail";
			};
			name = Debug;
		};
		3F0E27601FC8373300049443 /* Release */ = {
			isa = XCBuildConfiguration;
			baseConfigurationReference = E1FD6AF08A3DD0942473EF7F /* Pods-BuzzyMailTests.release.xcconfig */;
			buildSettings = {
				ALWAYS_EMBED_SWIFT_STANDARD_LIBRARIES = YES;
				BUNDLE_LOADER = "$(TEST_HOST)";
				CODE_SIGN_STYLE = Automatic;
				DEVELOPMENT_TEAM = MJKLC6UF2T;
				INFOPLIST_FILE = BuzzyMailTests/Info.plist;
				LD_RUNPATH_SEARCH_PATHS = "$(inherited) @executable_path/Frameworks @loader_path/Frameworks";
				PRODUCT_BUNDLE_IDENTIFIER = edu.ap.be.BuzzyMailTests;
				PRODUCT_NAME = "$(TARGET_NAME)";
				SWIFT_VERSION = 4.0;
				TARGETED_DEVICE_FAMILY = "1,2";
				TEST_HOST = "$(BUILT_PRODUCTS_DIR)/BuzzyMail.app/BuzzyMail";
			};
			name = Release;
		};
/* End XCBuildConfiguration section */

/* Begin XCConfigurationList section */
		3F0E27371FC8373300049443 /* Build configuration list for PBXProject "BuzzyMail" */ = {
			isa = XCConfigurationList;
			buildConfigurations = (
				3F0E27591FC8373300049443 /* Debug */,
				3F0E275A1FC8373300049443 /* Release */,
			);
			defaultConfigurationIsVisible = 0;
			defaultConfigurationName = Release;
		};
		3F0E275B1FC8373300049443 /* Build configuration list for PBXNativeTarget "BuzzyMail" */ = {
			isa = XCConfigurationList;
			buildConfigurations = (
				3F0E275C1FC8373300049443 /* Debug */,
				3F0E275D1FC8373300049443 /* Release */,
			);
			defaultConfigurationIsVisible = 0;
			defaultConfigurationName = Release;
		};
		3F0E275E1FC8373300049443 /* Build configuration list for PBXNativeTarget "BuzzyMailTests" */ = {
			isa = XCConfigurationList;
			buildConfigurations = (
				3F0E275F1FC8373300049443 /* Debug */,
				3F0E27601FC8373300049443 /* Release */,
			);
			defaultConfigurationIsVisible = 0;
			defaultConfigurationName = Release;
		};
/* End XCConfigurationList section */
	};
	rootObject = 3F0E27341FC8373300049443 /* Project object */;
}
